
Microsoft Visual Studio Solution File, Format Version 12.00
# Visual Studio 14
VisualStudioVersion = 14.0.25123.0
MinimumVisualStudioVersion = 10.0.40219.1
Project("{FAE04EC0-301F-11D3-BF4B-00C04F79EFBC}") = "SignalR", "SignalR\SignalR.csproj", "{714F0AD5-A0C5-4A00-921D-F874025F9F3C}"
EndProject
Project("{FAE04EC0-301F-11D3-BF4B-00C04F79EFBC}") = "SharpZipLib", "SharpZipLib\SharpZipLib.csproj", "{FFAB307C-DEE8-4C05-A5A2-789D0E428AE4}"
EndProject
Project("{FAE04EC0-301F-11D3-BF4B-00C04F79EFBC}") = "COL.Core", "COL.Core\COL.Core.csproj", "{D3963068-F9D5-4EDF-9F3E-CB0E7613421F}"
EndProject
Global
	GlobalSection(SolutionConfigurationPlatforms) = preSolution
		Debug|Any CPU = Debug|Any CPU
		Release|Any CPU = Release|Any CPU
	EndGlobalSection
	GlobalSection(ProjectConfigurationPlatforms) = postSolution
		{714F0AD5-A0C5-4A00-921D-F874025F9F3C}.Debug|Any CPU.ActiveCfg = Debug|Any CPU
		{714F0AD5-A0C5-4A00-921D-F874025F9F3C}.Debug|Any CPU.Build.0 = Debug|Any CPU
		{714F0AD5-A0C5-4A00-921D-F874025F9F3C}.Release|Any CPU.ActiveCfg = Release|Any CPU
		{714F0AD5-A0C5-4A00-921D-F874025F9F3C}.Release|Any CPU.Build.0 = Release|Any CPU
		{FFAB307C-DEE8-4C05-A5A2-789D0E428AE4}.Debug|Any CPU.ActiveCfg = Debug|Any CPU
		{FFAB307C-DEE8-4C05-A5A2-789D0E428AE4}.Debug|Any CPU.Build.0 = Debug|Any CPU
		{FFAB307C-DEE8-4C05-A5A2-789D0E428AE4}.Release|Any CPU.ActiveCfg = Release|Any CPU
		{FFAB307C-DEE8-4C05-A5A2-789D0E428AE4}.Release|Any CPU.Build.0 = Release|Any CPU
		{D3963068-F9D5-4EDF-9F3E-CB0E7613421F}.Debug|Any CPU.ActiveCfg = Debug|Any CPU
		{D3963068-F9D5-4EDF-9F3E-CB0E7613421F}.Debug|Any CPU.Build.0 = Debug|Any CPU
		{D3963068-F9D5-4EDF-9F3E-CB0E7613421F}.Release|Any CPU.ActiveCfg = Release|Any CPU
		{D3963068-F9D5-4EDF-9F3E-CB0E7613421F}.Release|Any CPU.Build.0 = Release|Any CPU
	EndGlobalSection
	GlobalSection(SolutionProperties) = preSolution
		HideSolutionNode = FALSE
	EndGlobalSection
EndGlobal
