
Microsoft Visual Studio Solution File, Format Version 12.00
# Visual Studio 2013
VisualStudioVersion = 12.0.21005.1
MinimumVisualStudioVersion = 10.0.40219.1
Project("{FAE04EC0-301F-11D3-BF4B-00C04F79EFBC}") = "Johnny.Controls.Web", "Johnny.Controls.Web\Johnny.Controls.Web.csproj", "{BDE2DFEA-8C31-41B1-B012-EBA78F489052}"
EndProject
Project("{FAE04EC0-301F-11D3-BF4B-00C04F79EFBC}") = "Johnny.Component.Utility", "Johnny.Component.Utility\Johnny.Component.Utility.csproj", "{4EAAECE3-6D16-4DEF-A26C-B794FB00B546}"
EndProject
Project("{FAE04EC0-301F-11D3-BF4B-00C04F79EFBC}") = "Johnny.CMS.WebUI", "Johnny.CMS.WebUI\Johnny.CMS.WebUI.csproj", "{ABE3785E-45A4-4D2E-9C85-CB45DF8C1E9C}"
EndProject
Project("{FAE04EC0-301F-11D3-BF4B-00C04F79EFBC}") = "Johnny.CMS.BLL", "Johnny.CMS.BLL\Johnny.CMS.BLL.csproj", "{0984D6B7-BB88-40F2-B867-D953A25E4DA1}"
EndProject
Project("{FAE04EC0-301F-11D3-BF4B-00C04F79EFBC}") = "Johnny.CMS.DAL", "Johnny.CMS.DAL\Johnny.CMS.DAL.csproj", "{47DFD436-B98F-4BF7-B49B-B6ADC1F71A3E}"
EndProject
Project("{FAE04EC0-301F-11D3-BF4B-00C04F79EFBC}") = "Johnny.CMS.OM", "Johnny.CMS.OM\Johnny.CMS.OM.csproj", "{CFC484CB-747A-426B-8FC9-5B4570FB93BC}"
EndProject
Project("{FAE04EC0-301F-11D3-BF4B-00C04F79EFBC}") = "Johnny.CMS.Common", "Johnny.CMS.Common\Johnny.CMS.Common.csproj", "{8E963B14-961A-4A44-89C2-4283EDB8E527}"
EndProject
Project("{FAE04EC0-301F-11D3-BF4B-00C04F79EFBC}") = "Johnny.Library", "Johnny.Library\Johnny.Library.csproj", "{44F4ADFD-CD68-48C8-961B-DC2F1A1BB8A9}"
EndProject
Project("{FAE04EC0-301F-11D3-BF4B-00C04F79EFBC}") = "Johnny.Component.Globalization", "Johnny.Component.Globalization\Johnny.Component.Globalization.csproj", "{F342A8F0-3B06-49B6-8DA1-77BC96F4B0A7}"
EndProject
Global
	GlobalSection(SolutionConfigurationPlatforms) = preSolution
		Debug|.NET = Debug|.NET
		Debug|Any CPU = Debug|Any CPU
		Debug|Mixed Platforms = Debug|Mixed Platforms
		Release|.NET = Release|.NET
		Release|Any CPU = Release|Any CPU
		Release|Mixed Platforms = Release|Mixed Platforms
	EndGlobalSection
	GlobalSection(ProjectConfigurationPlatforms) = postSolution
		{BDE2DFEA-8C31-41B1-B012-EBA78F489052}.Debug|.NET.ActiveCfg = Debug|Any CPU
		{BDE2DFEA-8C31-41B1-B012-EBA78F489052}.Debug|Any CPU.ActiveCfg = Debug|Any CPU
		{BDE2DFEA-8C31-41B1-B012-EBA78F489052}.Debug|Any CPU.Build.0 = Debug|Any CPU
		{BDE2DFEA-8C31-41B1-B012-EBA78F489052}.Debug|Mixed Platforms.ActiveCfg = Debug|Any CPU
		{BDE2DFEA-8C31-41B1-B012-EBA78F489052}.Debug|Mixed Platforms.Build.0 = Debug|Any CPU
		{BDE2DFEA-8C31-41B1-B012-EBA78F489052}.Release|.NET.ActiveCfg = Release|Any CPU
		{BDE2DFEA-8C31-41B1-B012-EBA78F489052}.Release|Any CPU.ActiveCfg = Release|Any CPU
		{BDE2DFEA-8C31-41B1-B012-EBA78F489052}.Release|Any CPU.Build.0 = Release|Any CPU
		{BDE2DFEA-8C31-41B1-B012-EBA78F489052}.Release|Mixed Platforms.ActiveCfg = Release|Any CPU
		{BDE2DFEA-8C31-41B1-B012-EBA78F489052}.Release|Mixed Platforms.Build.0 = Release|Any CPU
		{4EAAECE3-6D16-4DEF-A26C-B794FB00B546}.Debug|.NET.ActiveCfg = Debug|Any CPU
		{4EAAECE3-6D16-4DEF-A26C-B794FB00B546}.Debug|Any CPU.ActiveCfg = Debug|Any CPU
		{4EAAECE3-6D16-4DEF-A26C-B794FB00B546}.Debug|Any CPU.Build.0 = Debug|Any CPU
		{4EAAECE3-6D16-4DEF-A26C-B794FB00B546}.Debug|Mixed Platforms.ActiveCfg = Debug|Any CPU
		{4EAAECE3-6D16-4DEF-A26C-B794FB00B546}.Debug|Mixed Platforms.Build.0 = Debug|Any CPU
		{4EAAECE3-6D16-4DEF-A26C-B794FB00B546}.Release|.NET.ActiveCfg = Release|Any CPU
		{4EAAECE3-6D16-4DEF-A26C-B794FB00B546}.Release|Any CPU.ActiveCfg = Release|Any CPU
		{4EAAECE3-6D16-4DEF-A26C-B794FB00B546}.Release|Any CPU.Build.0 = Release|Any CPU
		{4EAAECE3-6D16-4DEF-A26C-B794FB00B546}.Release|Mixed Platforms.ActiveCfg = Release|Any CPU
		{4EAAECE3-6D16-4DEF-A26C-B794FB00B546}.Release|Mixed Platforms.Build.0 = Release|Any CPU
		{ABE3785E-45A4-4D2E-9C85-CB45DF8C1E9C}.Debug|.NET.ActiveCfg = Debug|Any CPU
		{ABE3785E-45A4-4D2E-9C85-CB45DF8C1E9C}.Debug|Any CPU.ActiveCfg = Debug|Any CPU
		{ABE3785E-45A4-4D2E-9C85-CB45DF8C1E9C}.Debug|Any CPU.Build.0 = Debug|Any CPU
		{ABE3785E-45A4-4D2E-9C85-CB45DF8C1E9C}.Debug|Mixed Platforms.ActiveCfg = Debug|Any CPU
		{ABE3785E-45A4-4D2E-9C85-CB45DF8C1E9C}.Debug|Mixed Platforms.Build.0 = Debug|Any CPU
		{ABE3785E-45A4-4D2E-9C85-CB45DF8C1E9C}.Release|.NET.ActiveCfg = Release|Any CPU
		{ABE3785E-45A4-4D2E-9C85-CB45DF8C1E9C}.Release|Any CPU.ActiveCfg = Release|Any CPU
		{ABE3785E-45A4-4D2E-9C85-CB45DF8C1E9C}.Release|Any CPU.Build.0 = Release|Any CPU
		{ABE3785E-45A4-4D2E-9C85-CB45DF8C1E9C}.Release|Mixed Platforms.ActiveCfg = Release|Any CPU
		{ABE3785E-45A4-4D2E-9C85-CB45DF8C1E9C}.Release|Mixed Platforms.Build.0 = Release|Any CPU
		{0984D6B7-BB88-40F2-B867-D953A25E4DA1}.Debug|.NET.ActiveCfg = Debug|Any CPU
		{0984D6B7-BB88-40F2-B867-D953A25E4DA1}.Debug|Any CPU.ActiveCfg = Debug|Any CPU
		{0984D6B7-BB88-40F2-B867-D953A25E4DA1}.Debug|Any CPU.Build.0 = Debug|Any CPU
		{0984D6B7-BB88-40F2-B867-D953A25E4DA1}.Debug|Mixed Platforms.ActiveCfg = Debug|Any CPU
		{0984D6B7-BB88-40F2-B867-D953A25E4DA1}.Debug|Mixed Platforms.Build.0 = Debug|Any CPU
		{0984D6B7-BB88-40F2-B867-D953A25E4DA1}.Release|.NET.ActiveCfg = Release|Any CPU
		{0984D6B7-BB88-40F2-B867-D953A25E4DA1}.Release|Any CPU.ActiveCfg = Release|Any CPU
		{0984D6B7-BB88-40F2-B867-D953A25E4DA1}.Release|Any CPU.Build.0 = Release|Any CPU
		{0984D6B7-BB88-40F2-B867-D953A25E4DA1}.Release|Mixed Platforms.ActiveCfg = Release|Any CPU
		{0984D6B7-BB88-40F2-B867-D953A25E4DA1}.Release|Mixed Platforms.Build.0 = Release|Any CPU
		{47DFD436-B98F-4BF7-B49B-B6ADC1F71A3E}.Debug|.NET.ActiveCfg = Debug|Any CPU
		{47DFD436-B98F-4BF7-B49B-B6ADC1F71A3E}.Debug|Any CPU.ActiveCfg = Debug|Any CPU
		{47DFD436-B98F-4BF7-B49B-B6ADC1F71A3E}.Debug|Any CPU.Build.0 = Debug|Any CPU
		{47DFD436-B98F-4BF7-B49B-B6ADC1F71A3E}.Debug|Mixed Platforms.ActiveCfg = Debug|Any CPU
		{47DFD436-B98F-4BF7-B49B-B6ADC1F71A3E}.Debug|Mixed Platforms.Build.0 = Debug|Any CPU
		{47DFD436-B98F-4BF7-B49B-B6ADC1F71A3E}.Release|.NET.ActiveCfg = Release|Any CPU
		{47DFD436-B98F-4BF7-B49B-B6ADC1F71A3E}.Release|Any CPU.ActiveCfg = Release|Any CPU
		{47DFD436-B98F-4BF7-B49B-B6ADC1F71A3E}.Release|Any CPU.Build.0 = Release|Any CPU
		{47DFD436-B98F-4BF7-B49B-B6ADC1F71A3E}.Release|Mixed Platforms.ActiveCfg = Release|Any CPU
		{47DFD436-B98F-4BF7-B49B-B6ADC1F71A3E}.Release|Mixed Platforms.Build.0 = Release|Any CPU
		{CFC484CB-747A-426B-8FC9-5B4570FB93BC}.Debug|.NET.ActiveCfg = Debug|Any CPU
		{CFC484CB-747A-426B-8FC9-5B4570FB93BC}.Debug|Any CPU.ActiveCfg = Debug|Any CPU
		{CFC484CB-747A-426B-8FC9-5B4570FB93BC}.Debug|Any CPU.Build.0 = Debug|Any CPU
		{CFC484CB-747A-426B-8FC9-5B4570FB93BC}.Debug|Mixed Platforms.ActiveCfg = Debug|Any CPU
		{CFC484CB-747A-426B-8FC9-5B4570FB93BC}.Debug|Mixed Platforms.Build.0 = Debug|Any CPU
		{CFC484CB-747A-426B-8FC9-5B4570FB93BC}.Release|.NET.ActiveCfg = Release|Any CPU
		{CFC484CB-747A-426B-8FC9-5B4570FB93BC}.Release|Any CPU.ActiveCfg = Release|Any CPU
		{CFC484CB-747A-426B-8FC9-5B4570FB93BC}.Release|Any CPU.Build.0 = Release|Any CPU
		{CFC484CB-747A-426B-8FC9-5B4570FB93BC}.Release|Mixed Platforms.ActiveCfg = Release|Any CPU
		{CFC484CB-747A-426B-8FC9-5B4570FB93BC}.Release|Mixed Platforms.Build.0 = Release|Any CPU
		{8E963B14-961A-4A44-89C2-4283EDB8E527}.Debug|.NET.ActiveCfg = Debug|Any CPU
		{8E963B14-961A-4A44-89C2-4283EDB8E527}.Debug|Any CPU.ActiveCfg = Debug|Any CPU
		{8E963B14-961A-4A44-89C2-4283EDB8E527}.Debug|Any CPU.Build.0 = Debug|Any CPU
		{8E963B14-961A-4A44-89C2-4283EDB8E527}.Debug|Mixed Platforms.ActiveCfg = Debug|Any CPU
		{8E963B14-961A-4A44-89C2-4283EDB8E527}.Debug|Mixed Platforms.Build.0 = Debug|Any CPU
		{8E963B14-961A-4A44-89C2-4283EDB8E527}.Release|.NET.ActiveCfg = Release|Any CPU
		{8E963B14-961A-4A44-89C2-4283EDB8E527}.Release|Any CPU.ActiveCfg = Release|Any CPU
		{8E963B14-961A-4A44-89C2-4283EDB8E527}.Release|Any CPU.Build.0 = Release|Any CPU
		{8E963B14-961A-4A44-89C2-4283EDB8E527}.Release|Mixed Platforms.ActiveCfg = Release|Any CPU
		{8E963B14-961A-4A44-89C2-4283EDB8E527}.Release|Mixed Platforms.Build.0 = Release|Any CPU
		{44F4ADFD-CD68-48C8-961B-DC2F1A1BB8A9}.Debug|.NET.ActiveCfg = Debug|Any CPU
		{44F4ADFD-CD68-48C8-961B-DC2F1A1BB8A9}.Debug|Any CPU.ActiveCfg = Debug|Any CPU
		{44F4ADFD-CD68-48C8-961B-DC2F1A1BB8A9}.Debug|Any CPU.Build.0 = Debug|Any CPU
		{44F4ADFD-CD68-48C8-961B-DC2F1A1BB8A9}.Debug|Mixed Platforms.ActiveCfg = Debug|Any CPU
		{44F4ADFD-CD68-48C8-961B-DC2F1A1BB8A9}.Debug|Mixed Platforms.Build.0 = Debug|Any CPU
		{44F4ADFD-CD68-48C8-961B-DC2F1A1BB8A9}.Release|.NET.ActiveCfg = Release|Any CPU
		{44F4ADFD-CD68-48C8-961B-DC2F1A1BB8A9}.Release|Any CPU.ActiveCfg = Release|Any CPU
		{44F4ADFD-CD68-48C8-961B-DC2F1A1BB8A9}.Release|Any CPU.Build.0 = Release|Any CPU
		{44F4ADFD-CD68-48C8-961B-DC2F1A1BB8A9}.Release|Mixed Platforms.ActiveCfg = Release|Any CPU
		{44F4ADFD-CD68-48C8-961B-DC2F1A1BB8A9}.Release|Mixed Platforms.Build.0 = Release|Any CPU
		{F342A8F0-3B06-49B6-8DA1-77BC96F4B0A7}.Debug|.NET.ActiveCfg = Debug|Any CPU
		{F342A8F0-3B06-49B6-8DA1-77BC96F4B0A7}.Debug|Any CPU.ActiveCfg = Debug|Any CPU
		{F342A8F0-3B06-49B6-8DA1-77BC96F4B0A7}.Debug|Any CPU.Build.0 = Debug|Any CPU
		{F342A8F0-3B06-49B6-8DA1-77BC96F4B0A7}.Debug|Mixed Platforms.ActiveCfg = Debug|Any CPU
		{F342A8F0-3B06-49B6-8DA1-77BC96F4B0A7}.Debug|Mixed Platforms.Build.0 = Debug|Any CPU
		{F342A8F0-3B06-49B6-8DA1-77BC96F4B0A7}.Release|.NET.ActiveCfg = Release|Any CPU
		{F342A8F0-3B06-49B6-8DA1-77BC96F4B0A7}.Release|Any CPU.ActiveCfg = Release|Any CPU
		{F342A8F0-3B06-49B6-8DA1-77BC96F4B0A7}.Release|Any CPU.Build.0 = Release|Any CPU
		{F342A8F0-3B06-49B6-8DA1-77BC96F4B0A7}.Release|Mixed Platforms.ActiveCfg = Release|Any CPU
		{F342A8F0-3B06-49B6-8DA1-77BC96F4B0A7}.Release|Mixed Platforms.Build.0 = Release|Any CPU
	EndGlobalSection
	GlobalSection(SolutionProperties) = preSolution
		HideSolutionNode = FALSE
	EndGlobalSection
EndGlobal
