
Microsoft Visual Studio Solution File, Format Version 12.00
# Visual Studio 2012
Project("{FAE04EC0-301F-11D3-BF4B-00C04F79EFBC}") = "Johnny.Portfolio.CoursePlayer.iOS", "Johnny.Portfolio.CoursePlayer.iOS\Johnny.Portfolio.CoursePlayer.iOS.csproj", "{F5F9DBBF-CAD3-4B23-B160-A86557E27F08}"
EndProject
Project("{FAE04EC0-301F-11D3-BF4B-00C04F79EFBC}") = "Johnny.Portfolio.CoursePlayer.Core", "Johnny.Portfolio.CoursePlayer.Core\Johnny.Portfolio.CoursePlayer.Core.csproj", "{74C30A28-87F8-4B93-844B-2C4C98232D98}"
EndProject
Global
	GlobalSection(SolutionConfigurationPlatforms) = preSolution
		Debug|iPhoneSimulator = Debug|iPhoneSimulator
		Release|iPhoneSimulator = Release|iPhoneSimulator
		Debug|iPhone = Debug|iPhone
		Release|iPhone = Release|iPhone
		Ad-Hoc|iPhone = Ad-Hoc|iPhone
		AppStore|iPhone = AppStore|iPhone
	EndGlobalSection
	GlobalSection(ProjectConfigurationPlatforms) = postSolution
		{F5F9DBBF-CAD3-4B23-B160-A86557E27F08}.Debug|iPhoneSimulator.ActiveCfg = Debug|iPhoneSimulator
		{F5F9DBBF-CAD3-4B23-B160-A86557E27F08}.Debug|iPhoneSimulator.Build.0 = Debug|iPhoneSimulator
		{F5F9DBBF-CAD3-4B23-B160-A86557E27F08}.Release|iPhoneSimulator.ActiveCfg = Release|iPhoneSimulator
		{F5F9DBBF-CAD3-4B23-B160-A86557E27F08}.Release|iPhoneSimulator.Build.0 = Release|iPhoneSimulator
		{F5F9DBBF-CAD3-4B23-B160-A86557E27F08}.Debug|iPhone.ActiveCfg = Debug|iPhone
		{F5F9DBBF-CAD3-4B23-B160-A86557E27F08}.Debug|iPhone.Build.0 = Debug|iPhone
		{F5F9DBBF-CAD3-4B23-B160-A86557E27F08}.Release|iPhone.ActiveCfg = Release|iPhone
		{F5F9DBBF-CAD3-4B23-B160-A86557E27F08}.Release|iPhone.Build.0 = Release|iPhone
		{F5F9DBBF-CAD3-4B23-B160-A86557E27F08}.Ad-Hoc|iPhone.ActiveCfg = Ad-Hoc|iPhone
		{F5F9DBBF-CAD3-4B23-B160-A86557E27F08}.Ad-Hoc|iPhone.Build.0 = Ad-Hoc|iPhone
		{F5F9DBBF-CAD3-4B23-B160-A86557E27F08}.AppStore|iPhone.ActiveCfg = AppStore|iPhone
		{F5F9DBBF-CAD3-4B23-B160-A86557E27F08}.AppStore|iPhone.Build.0 = AppStore|iPhone
		{74C30A28-87F8-4B93-844B-2C4C98232D98}.Debug|iPhoneSimulator.ActiveCfg = Debug|Any CPU
		{74C30A28-87F8-4B93-844B-2C4C98232D98}.Debug|iPhoneSimulator.Build.0 = Debug|Any CPU
		{74C30A28-87F8-4B93-844B-2C4C98232D98}.Release|iPhoneSimulator.ActiveCfg = Release|Any CPU
		{74C30A28-87F8-4B93-844B-2C4C98232D98}.Release|iPhoneSimulator.Build.0 = Release|Any CPU
		{74C30A28-87F8-4B93-844B-2C4C98232D98}.Debug|iPhone.ActiveCfg = Debug|Any CPU
		{74C30A28-87F8-4B93-844B-2C4C98232D98}.Debug|iPhone.Build.0 = Debug|Any CPU
		{74C30A28-87F8-4B93-844B-2C4C98232D98}.Release|iPhone.ActiveCfg = Release|Any CPU
		{74C30A28-87F8-4B93-844B-2C4C98232D98}.Release|iPhone.Build.0 = Release|Any CPU
		{74C30A28-87F8-4B93-844B-2C4C98232D98}.Ad-Hoc|iPhone.ActiveCfg = Release|Any CPU
		{74C30A28-87F8-4B93-844B-2C4C98232D98}.Ad-Hoc|iPhone.Build.0 = Release|Any CPU
		{74C30A28-87F8-4B93-844B-2C4C98232D98}.AppStore|iPhone.ActiveCfg = Release|Any CPU
		{74C30A28-87F8-4B93-844B-2C4C98232D98}.AppStore|iPhone.Build.0 = Release|Any CPU
	EndGlobalSection
EndGlobal
